lockfileVersion: '9.0'

settings:
  autoInstallPeers: true
  excludeLinksFromLockfile: false

importers:

  .:
    devDependencies:
      '@biomejs/biome':
        specifier: 2.2.4
        version: 2.2.4
      typescript:
        specifier: 5.9.2
        version: 5.9.2

  cli:
    dependencies:
      '@aws-sdk/client-lambda':
        specifier: 3.1138.0
        version: 3.1138.0
      '@aws-sdk/client-s3':
        specifier: 3.1138.0
        version: 3.1138.0
      '@smithy/node-http-handler':
        specifier: 4.12.1
        version: 4.12.1
    devDependencies:
      '@types/node':
        specifier: 24.13.6
        version: 24.13.6
      typescript:
        specifier: 5.9.2
        version: 5.9.2

  construct:
    devDependencies:
      '@types/node':
        specifier: 24.13.6
        version: 24.13.6
      aws-cdk-lib:
        specifier: 2.270.0
        version: 2.270.0(constructs@10.8.1)
      constructs:
        specifier: 10.8.1
        version: 10.8.1
      typescript:
        specifier: 5.9.2
        version: 5.9.2

  examples:
    dependencies:
      aws-cdk-lib:
        specifier: 2.270.0
        version: 2.270.0(constructs@10.8.1)
      constructs:
        specifier: 10.8.1
        version: 10.8.1
      zankyo-cdk:
        specifier: workspace:*
        version: link:../construct
    devDependencies:
      '@types/node':
        specifier: 24.13.6
        version: 24.13.6
      aws-cdk:
        specifier: 2.1142.0
        version: 2.1142.0
      typescript:
        specifier: 5.9.2
        version: 5.9.2

packages:

  '@aws-cdk/asset-awscli-v1@2.2.292':
    resolution: {integrity: sha512-d4aMFsAFj19FtxVyw8IzlUKv5Zu4sIvgnEjI2IU6IWBJgVbJ4aFnadANqYa+6MwB1CQbGOg0jh8WE77M+Nb/9A==}

  '@aws-cdk/asset-node-proxy-agent-v6@2.1.3':
    resolution: {integrity: sha512-98We1QWfin9vtuuQtNFhIIAEWb8CreyYTAP0Vn8HqSBoNiFJM9nZgifJeQawT9Wq0NX1HCNFlxCyTccIrK1PSA==}

  '@aws-cdk/cloud-assembly-schema@54.24.0':
    resolution: {integrity: sha512-9sH1pBpWuqZR/9rYAveNi62B/jDrc9BNOL83alD/wtIUSbRkg1aj6JX2r1cSugQwLBjCizQscQZgAb5wWnTTMg==}
    engines: {node: '>= 18.0.0'}
    bundledDependencies:
      - jsonschema
      - semver

  '@aws-sdk/checksums@3.1001.1':
    resolution: {integrity: sha512-x12Q17KYlJAd3nKf8LV5LV0vt8sh8/6YfQLGPtrGnQf/tW4jqxPGq5GPpuVitpQYM3eUR4XB7CbxZf751NMbLw==}
    engines: {node: '>=20.0.0'}

  '@aws-sdk/client-lambda@3.1138.0':
    resolution: {integrity: sha512-NSUryc07wf5rb+jbVLJy47/VlxU792ZS9P5CGJmrWnL3DEMhrAOm+WMTIMeWz/lIcTOrAmDt1O/l8rLPvUD8uw==}
    engines: {node: '>=20.0.0'}

  '@aws-sdk/client-s3@3.1138.0':
    resolution: {integrity: sha512-U7+dA10/2mk9PCoZ4JknQhGaw0atZfEtxMHT+vRGFS8z7fO8bb+Grvq5B4XkiL5epyrWImv8KwLclYWMq/4znA==}
    engines: {node: '>=20.0.0'}

  '@aws-sdk/core@3.978.1':
    resolution: {integrity: sha512-LbY9aGsEiznDWmUc30Nwv3aIX/+dbwTx8KfS0yOC3NPYMO+O91e6jkT1azf34FwjOndq8/Q+RcVVZz5xnerwdg==}
    engines: {node: '>=20.0.0'}

  '@aws-sdk/credential-provider-env@3.972.72':
    resolution: {integrity: sha512-xTKO/FWJPozTIXbozVnVGoNBhaGba8TBcx+KyUjRVeOlXE+dUc7GTR1cLvu0uTdIdmemzaFbqqCshXeZA1fZew==}
    engines: {node: '>=20.0.0'}

  '@aws-sdk/credential-provider-http@3.972.74':
    resolution: {integrity: sha512-u91E/hT8f4d1xy0Jl7VG4nVKJ3lxbrZkoBTeSVoJdWBiSEUMwMS/9+e0H/aJVQV//Lt5wuzP+E69v4aRSsNTmw==}
    engines: {node: '>=20.0.0'}

  '@aws-sdk/credential-provider-ini@3.973.17':
    resolution: {integrity: sha512-ged4KXdBkvIC81bLvNHHuQKdKak/VXhQTR1NWYTTqW0474nlmsxy9O/vlgTIohDDWH3xpBdtVMZRyjb+DnocDA==}
    engines: {node: '>=20.0.0'}

  '@aws-sdk/credential-provider-login@3.972.79':
    resolution: {integrity: sha512-L+Z85anONJd8MaiuraO4wRxATCdEejBZ3K3eymzWI5JPXa9sOS9CkIm72PBKqXKX+Z9p9NGMX5AIMXm0LEflgw==}
    engines: {node: '>=20.0.0'}

  '@aws-sdk/credential-provider-node@3.972.84':
    resolution: {integrity: sha512-oHt854odINVwzwsh+c5x69j0ajm4DbqqqVJ+O1ECsCIZeMDAbzFpXItaqP7UZstJj/ATdTk/KFSH0LaNAgV+kA==}
    engines: {node: '>=20.0.0'}

  '@aws-sdk/credential-provider-process@3.972.72':
    resolution: {integrity: sha512-rLIp2xbMjX/k9/od7APpqq1ZgXXnV0pOL1Th3ZsL8Wu0TRtBsDTVS8iPqcfRFcHakFxPvR04OSTv2ka2qOb/2A==}
    engines: {node: '>=20.0.0'}

  '@aws-sdk/credential-provider-sso@3.973.16':
    resolution: {integrity: sha512-IGihaJfFZYacJJr/odqILCoK7W/mvrZ7cuK7ECn3sAu4vLC6u0V8bS7mCGbdugJ8Aum2tnvqmx0F2MRFp2rn9g==}
    engines: {node: '>=20.0.0'}

  '@aws-sdk/credential-provider-web-identity@3.972.78':
    resolution: {integrity: sha512-/y9WvNtlcPBGLR0qc1a+9J/xtYZfVczvLUOuXaVWylzttH7ewsxwHtjmiJSolNrVSDorIxHGHMU61CbonRkmwA==}
    engines: {node: '>=20.0.0'}

  '@aws-sdk/middleware-sdk-s3@3.972.77':
    resolution: {integrity: sha512-E7W2UOeUoc+lg3uIfR/dM7ZwusHwhBQrKMnlkRv4EXRR+C0YtV1pg25xC7GdZIhXH+NAMgZPCbE7o5to2cjFiw==}
    engines: {node: '>=20.0.0'}

  '@aws-sdk/nested-clients@3.997.46':
    resolution: {integrity: sha512-oRxtBcka/JGHGs9l9p9IVajGoTP8vTPmoAzdHGy4Qcy9P5vPnDf6nhIeM/COQNY9k/OahImTRaLkHftoXvfcmQ==}
    engines: {node: '>=20.0.0'}

  '@aws-sdk/signature-v4-multi-region@3.996.47':
    resolution: {integrity: sha512-Zk08macMvQTHzQJCLJVkOlviVoqwYMrpXv4lmLN7b7sAbiMoOK7Go0NYdR5UeF+MW8LIbRmwrNy9u/5VvX1U5g==}
    engines: {node: '>=20.0.0'}

  '@aws-sdk/token-providers@3.1138.0':
    resolution: {integrity: sha512-GpyAr0DD63YOEmYFM6Df+gJuIgC92MMTiBK4FTKfxii5MJ9ge20epR7LyroulscYlG89J+ZB2ivFDPjvfQhzdw==}
    engines: {node: '>=20.0.0'}

  '@aws-sdk/types@3.974.6':
    resolution: {integrity: sha512-v/clNZzZnDxGyvpHMOGpJKVXFAExJzUNAAjaWGdcx8QAcXLGwTaOkw33p5SHAi0YAioK32xB3hWwOekRVfmfKg==}
    engines: {node: '>=20.0.0'}

  '@aws-sdk/xml-builder@3.972.41':
    resolution: {integrity: sha512-ctjVSyCMegrWfXlx6VqzSBFI6UqmQ5ZlnfMhdLIiWmhoH8UAQxSCP5N3OpG7X3k4LnS7ou74C4mt20+bfTW2aQ==}
    engines: {node: '>=20.0.0'}

  '@aws/lambda-invoke-store@0.3.0':
    resolution: {integrity: sha512-sl4Bm6yiMNYrZKkqqDFWN0UfnWhlS8ivKxrYl+6t0gCLrqr8y3B2IqZZbFRkfaVVp7C/baApyh71P+LeE1A2sQ==}
    engines: {node: '>=18.0.0'}

  '@biomejs/biome@2.2.4':
    resolution: {integrity: sha512-TBHU5bUy/Ok6m8c0y3pZiuO/BZoY/OcGxoLlrfQof5s8ISVwbVBdFINPQZyFfKwil8XibYWb7JMwnT8wT4WVPg==}
    engines: {node: '>=14.21.3'}
    hasBin: true

  '@biomejs/cli-darwin-arm64@2.2.4':
    resolution: {integrity: sha512-RJe2uiyaloN4hne4d2+qVj3d3gFJFbmrr5PYtkkjei1O9c+BjGXgpUPVbi8Pl8syumhzJjFsSIYkcLt2VlVLMA==}
    engines: {node: '>=14.21.3'}
    cpu: [arm64]
    os: [darwin]

  '@biomejs/cli-darwin-x64@2.2.4':
    resolution: {integrity: sha512-cFsdB4ePanVWfTnPVaUX+yr8qV8ifxjBKMkZwN7gKb20qXPxd/PmwqUH8mY5wnM9+U0QwM76CxFyBRJhC9tQwg==}
    engines: {node: '>=14.21.3'}
    cpu: [x64]
    os: [darwin]

  '@biomejs/cli-linux-arm64-musl@2.2.4':
    resolution: {integrity: sha512-7TNPkMQEWfjvJDaZRSkDCPT/2r5ESFPKx+TEev+I2BXDGIjfCZk2+b88FOhnJNHtksbOZv8ZWnxrA5gyTYhSsQ==}
    engines: {node: '>=14.21.3'}
    cpu: [arm64]
    os: [linux]

  '@biomejs/cli-linux-arm64@2.2.4':
    resolution: {integrity: sha512-M/Iz48p4NAzMXOuH+tsn5BvG/Jb07KOMTdSVwJpicmhN309BeEyRyQX+n1XDF0JVSlu28+hiTQ2L4rZPvu7nMw==}
    engines: {node: '>=14.21.3'}
    cpu: [arm64]
    os: [linux]

  '@biomejs/cli-linux-x64-musl@2.2.4':
    resolution: {integrity: sha512-m41nFDS0ksXK2gwXL6W6yZTYPMH0LughqbsxInSKetoH6morVj43szqKx79Iudkp8WRT5SxSh7qVb8KCUiewGg==}
    engines: {node: '>=14.21.3'}
    cpu: [x64]
    os: [linux]

  '@biomejs/cli-linux-x64@2.2.4':
    resolution: {integrity: sha512-orr3nnf2Dpb2ssl6aihQtvcKtLySLta4E2UcXdp7+RTa7mfJjBgIsbS0B9GC8gVu0hjOu021aU8b3/I1tn+pVQ==}
    engines: {node: '>=14.21.3'}
    cpu: [x64]
    os: [linux]

  '@biomejs/cli-win32-arm64@2.2.4':
    resolution: {integrity: sha512-NXnfTeKHDFUWfxAefa57DiGmu9VyKi0cDqFpdI+1hJWQjGJhJutHPX0b5m+eXvTKOaf+brU+P0JrQAZMb5yYaQ==}
    engines: {node: '>=14.21.3'}
    cpu: [arm64]
    os: [win32]

  '@biomejs/cli-win32-x64@2.2.4':
    resolution: {integrity: sha512-3Y4V4zVRarVh/B/eSHczR4LYoSVyv3Dfuvm3cWs5w/HScccS0+Wt/lHOcDTRYeHjQmMYVC3rIRWqyN2EI52+zg==}
    engines: {node: '>=14.21.3'}
    cpu: [x64]
    os: [win32]

  '@smithy/core@3.35.0':
    resolution: {integrity: sha512-zRMhfkByhT2snNdr1si24vJitU6Cr9ix2MikUfWmkAgp4jrNP0GcKSP5YvwQ+TlI8AZXER5QOGJn3JsVtSD9/A==}
    engines: {node: '>=18.0.0'}

  '@smithy/credential-provider-imds@4.5.2':
    resolution: {integrity: sha512-A9uSdn72ozbRUSit0eib0TW7nXuNPlaeM0zcGkJ+nE6tFcSDbnmtwoxbTCFBukVQcszDAyvsd7+rTduPTXpygg==}
    engines: {node: '>=18.0.0'}

  '@smithy/fetch-http-handler@5.8.0':
    resolution: {integrity: sha512-ycSJu3tFAQ4v04CBB0agqFMVsSQ1iG3yw+SpgxRqKfaURpQD4CZ8Wn0zPMmSnOuTpTh65Vz+EA0rMrw089wvkA==}
    engines: {node: '>=18.0.0'}

  '@smithy/node-http-handler@4.12.1':
    resolution: {integrity: sha512-ThMkboGeONWXAelq9FvGsuJC4rOi+qyC4/zhUF58xYpxUg5sQKx2VXZYJmtNjr4dSuBJ1HeJXETQILCz3wOHvw==}
    engines: {node: '>=18.0.0'}

  '@smithy/signature-v4@5.7.3':
    resolution: {integrity: sha512-7ImGm+FkHRLcBaRttIAMZ6bzJZWb2cJGoYjq46F2UjycujWzrL9GEN9h4w7eQyXJYnltrUhxbbieBAIRrdqpow==}
    engines: {node: '>=18.0.0'}

  '@smithy/types@4.19.0':
    resolution: {integrity: sha512-r7jh49VJxGerfAcTQA6gXcKc+98zOp/tqRwzYjgOE+iSQsP6cEU1hq2QzbuipmP68QtYdY9wKEhiCQZIzHgZ4Q==}
    engines: {node: '>=18.0.0'}

  '@types/node@24.13.6':
    resolution: {integrity: sha512-SGrw/h3KPFshy3OE6ZL53LMBG5vGQQ8/gIpiqz/kRZhPJ7HgwCEs8LBuNtWLa8dvGZVpSF7+Bf+c11HUrCb/yg==}

  aws-cdk-lib@2.270.0:
    resolution: {integrity: sha512-xoO9FEqcVTTK39N6n+LxvAAsS5WZSGX/p+uv3l2W+LXDEIWctq6VECdluuFwdXnbyf4v4eIxo2btrkUepnEy0Q==}
    engines: {node: '>= 20.0.0'}
    peerDependencies:
      constructs: ^10.5.0
    bundledDependencies:
      - '@aws/cloudformation-validate'
      - '@balena/dockerignore'
      - '@aws-cdk/cloud-assembly-api'
      - case
      - fs-extra
      - ignore
      - jsonschema
      - minimatch
      - punycode
      - semver
      - yaml
      - mime-types

  aws-cdk@2.1142.0:
    resolution: {integrity: sha512-gNOeii+avTJmOwfR8tVgraZ5A2EBC/529EXg7e+yBp8Zl608dAv5CtFRoJt8QoKiruiCwYr4HF6ClNAse/NkSg==}
    engines: {node: '>= 18.0.0'}
    hasBin: true

  bowser@2.14.1:
    resolution: {integrity: sha512-tzPjzCxygAKWFOJP011oxFHs57HzIhOEracIgAePE4pqB3LikALKnSzUyU4MGs9/iCEUuHlAJTjTc5M+u7YEGg==}

  constructs@10.8.1:
    resolution: {integrity: sha512-98yGXYyhePqPYh3cYu8nzBERmAhC0DONe3UD03okK0nehZ7hYP4wgZuf02a04+uOWxnTJ5Rpp5m0GRNpwyLGGA==}

  tslib@2.8.1:
    resolution: {integrity: sha512-oJFu94HQb+KVduSUQL7wnpmqnfmLsOA/nAh6b6EH0wCEoK0/mPeXU6c3wKDV83MkOuHPRHtSXKKU99IBazS/2w==}

  typescript@5.9.2:
    resolution: {integrity: sha512-CWBzXQrc/qOkhidw1OzBTQuYRbfyxDXJMVJ1XNwUHGROVmuaeiEm3OslpZ1RV96d7SKKjZKrSJu3+t/xlw3R9A==}
    engines: {node: '>=14.17'}
    hasBin: true

  undici-types@7.18.2:
    resolution: {integrity: sha512-AsuCzffGHJybSaRrmr5eHr81mwJU3kjw6M+uprWvCXiNeN9SOGwQ3Jn8jb8m3Z6izVgknn1R0FTCEAP2QrLY/w==}

snapshots:

  '@aws-cdk/asset-awscli-v1@2.2.292': {}

  '@aws-cdk/asset-node-proxy-agent-v6@2.1.3': {}

  '@aws-cdk/cloud-assembly-schema@54.24.0': {}

  '@aws-sdk/checksums@3.1001.1':
    dependencies:
      '@aws-sdk/core': 3.978.1
      '@aws-sdk/types': 3.974.6
      '@smithy/core': 3.35.0
      '@smithy/types': 4.19.0
      tslib: 2.8.1

  '@aws-sdk/client-lambda@3.1138.0':
    dependencies:
      '@aws-sdk/core': 3.978.1
      '@aws-sdk/credential-provider-node': 3.972.84
      '@aws-sdk/types': 3.974.6
      '@smithy/core': 3.35.0
      '@smithy/fetch-http-handler': 5.8.0
      '@smithy/node-http-handler': 4.12.1
      '@smithy/types': 4.19.0
      tslib: 2.8.1

  '@aws-sdk/client-s3@3.1138.0':
    dependencies:
      '@aws-sdk/checksums': 3.1001.1
      '@aws-sdk/core': 3.978.1
      '@aws-sdk/credential-provider-node': 3.972.84
      '@aws-sdk/middleware-sdk-s3': 3.972.77
      '@aws-sdk/signature-v4-multi-region': 3.996.47
      '@aws-sdk/types': 3.974.6
      '@smithy/core': 3.35.0
      '@smithy/fetch-http-handler': 5.8.0
      '@smithy/node-http-handler': 4.12.1
      '@smithy/types': 4.19.0
      tslib: 2.8.1

  '@aws-sdk/core@3.978.1':
    dependencies:
      '@aws-sdk/types': 3.974.6
      '@aws-sdk/xml-builder': 3.972.41
      '@aws/lambda-invoke-store': 0.3.0
      '@smithy/core': 3.35.0
      '@smithy/signature-v4': 5.7.3
      '@smithy/types': 4.19.0
      bowser: 2.14.1
      tslib: 2.8.1

  '@aws-sdk/credential-provider-env@3.972.72':
    dependencies:
      '@aws-sdk/core': 3.978.1
      '@aws-sdk/types': 3.974.6
      '@smithy/core': 3.35.0
      '@smithy/types': 4.19.0
      tslib: 2.8.1

  '@aws-sdk/credential-provider-http@3.972.74':
    dependencies:
      '@aws-sdk/core': 3.978.1
      '@aws-sdk/types': 3.974.6
      '@smithy/core': 3.35.0
      '@smithy/fetch-http-handler': 5.8.0
      '@smithy/node-http-handler': 4.12.1
      '@smithy/types': 4.19.0
      tslib: 2.8.1

  '@aws-sdk/credential-provider-ini@3.973.17':
    dependencies:
      '@aws-sdk/core': 3.978.1
      '@aws-sdk/credential-provider-env': 3.972.72
      '@aws-sdk/credential-provider-http': 3.972.74
      '@aws-sdk/credential-provider-login': 3.972.79
      '@aws-sdk/credential-provider-process': 3.972.72
      '@aws-sdk/credential-provider-sso': 3.973.16
      '@aws-sdk/credential-provider-web-identity': 3.972.78
      '@aws-sdk/nested-clients': 3.997.46
      '@aws-sdk/types': 3.974.6
      '@smithy/core': 3.35.0
      '@smithy/credential-provider-imds': 4.5.2
      '@smithy/types': 4.19.0
      tslib: 2.8.1

  '@aws-sdk/credential-provider-login@3.972.79':
    dependencies:
      '@aws-sdk/core': 3.978.1
      '@aws-sdk/nested-clients': 3.997.46
      '@aws-sdk/types': 3.974.6
      '@smithy/core': 3.35.0
      '@smithy/types': 4.19.0
      tslib: 2.8.1

  '@aws-sdk/credential-provider-node@3.972.84':
    dependencies:
      '@aws-sdk/credential-provider-env': 3.972.72
      '@aws-sdk/credential-provider-http': 3.972.74
      '@aws-sdk/credential-provider-ini': 3.973.17
      '@aws-sdk/credential-provider-process': 3.972.72
      '@aws-sdk/credential-provider-sso': 3.973.16
      '@aws-sdk/credential-provider-web-identity': 3.972.78
      '@aws-sdk/types': 3.974.6
      '@smithy/core': 3.35.0
      '@smithy/credential-provider-imds': 4.5.2
      '@smithy/types': 4.19.0
      tslib: 2.8.1

  '@aws-sdk/credential-provider-process@3.972.72':
    dependencies:
      '@aws-sdk/core': 3.978.1
      '@aws-sdk/types': 3.974.6
      '@smithy/core': 3.35.0
      '@smithy/types': 4.19.0
      tslib: 2.8.1

  '@aws-sdk/credential-provider-sso@3.973.16':
    dependencies:
      '@aws-sdk/core': 3.978.1
      '@aws-sdk/nested-clients': 3.997.46
      '@aws-sdk/token-providers': 3.1138.0
      '@aws-sdk/types': 3.974.6
      '@smithy/core': 3.35.0
      '@smithy/types': 4.19.0
      tslib: 2.8.1

  '@aws-sdk/credential-provider-web-identity@3.972.78':
    dependencies:
      '@aws-sdk/core': 3.978.1
      '@aws-sdk/nested-clients': 3.997.46
      '@aws-sdk/types': 3.974.6
      '@smithy/core': 3.35.0
      '@smithy/types': 4.19.0
      tslib: 2.8.1

  '@aws-sdk/middleware-sdk-s3@3.972.77':
    dependencies:
      '@aws-sdk/core': 3.978.1
      '@aws-sdk/signature-v4-multi-region': 3.996.47
      '@aws-sdk/types': 3.974.6
      '@smithy/core': 3.35.0
      '@smithy/types': 4.19.0
      tslib: 2.8.1

  '@aws-sdk/nested-clients@3.997.46':
    dependencies:
      '@aws-sdk/core': 3.978.1
      '@aws-sdk/signature-v4-multi-region': 3.996.47
      '@aws-sdk/types': 3.974.6
      '@smithy/core': 3.35.0
      '@smithy/fetch-http-handler': 5.8.0
      '@smithy/node-http-handler': 4.12.1
      '@smithy/types': 4.19.0
      tslib: 2.8.1

  '@aws-sdk/signature-v4-multi-region@3.996.47':
    dependencies:
      '@aws-sdk/types': 3.974.6
      '@smithy/signature-v4': 5.7.3
      '@smithy/types': 4.19.0
      tslib: 2.8.1

  '@aws-sdk/token-providers@3.1138.0':
    dependencies:
      '@aws-sdk/core': 3.978.1
      '@aws-sdk/nested-clients': 3.997.46
      '@aws-sdk/types': 3.974.6
      '@smithy/core': 3.35.0
      '@smithy/types': 4.19.0
      tslib: 2.8.1

  '@aws-sdk/types@3.974.6':
    dependencies:
      '@smithy/types': 4.19.0
      tslib: 2.8.1

  '@aws-sdk/xml-builder@3.972.41':
    dependencies:
      '@smithy/types': 4.19.0
      tslib: 2.8.1

  '@aws/lambda-invoke-store@0.3.0': {}

  '@biomejs/biome@2.2.4':
    optionalDependencies:
      '@biomejs/cli-darwin-arm64': 2.2.4
      '@biomejs/cli-darwin-x64': 2.2.4
      '@biomejs/cli-linux-arm64': 2.2.4
      '@biomejs/cli-linux-arm64-musl': 2.2.4
      '@biomejs/cli-linux-x64': 2.2.4
      '@biomejs/cli-linux-x64-musl': 2.2.4
      '@biomejs/cli-win32-arm64': 2.2.4
      '@biomejs/cli-win32-x64': 2.2.4

  '@biomejs/cli-darwin-arm64@2.2.4':
    optional: true

  '@biomejs/cli-darwin-x64@2.2.4':
    optional: true

  '@biomejs/cli-linux-arm64-musl@2.2.4':
    optional: true

  '@biomejs/cli-linux-arm64@2.2.4':
    optional: true

  '@biomejs/cli-linux-x64-musl@2.2.4':
    optional: true

  '@biomejs/cli-linux-x64@2.2.4':
    optional: true

  '@biomejs/cli-win32-arm64@2.2.4':
    optional: true

  '@biomejs/cli-win32-x64@2.2.4':
    optional: true

  '@smithy/core@3.35.0':
    dependencies:
      '@smithy/types': 4.19.0
      tslib: 2.8.1

  '@smithy/credential-provider-imds@4.5.2':
    dependencies:
      '@smithy/core': 3.35.0
      '@smithy/types': 4.19.0
      tslib: 2.8.1

  '@smithy/fetch-http-handler@5.8.0':
    dependencies:
      '@smithy/core': 3.35.0
      '@smithy/types': 4.19.0
      tslib: 2.8.1

  '@smithy/node-http-handler@4.12.1':
    dependencies:
      '@smithy/core': 3.35.0
      '@smithy/types': 4.19.0
      tslib: 2.8.1

  '@smithy/signature-v4@5.7.3':
    dependencies:
      '@smithy/core': 3.35.0
      '@smithy/types': 4.19.0
      tslib: 2.8.1

  '@smithy/types@4.19.0':
    dependencies:
      tslib: 2.8.1

  '@types/node@24.13.6':
    dependencies:
      undici-types: 7.18.2

  aws-cdk-lib@2.270.0(constructs@10.8.1):
    dependencies:
      '@aws-cdk/asset-awscli-v1': 2.2.292
      '@aws-cdk/asset-node-proxy-agent-v6': 2.1.3
      '@aws-cdk/cloud-assembly-schema': 54.24.0
      constructs: 10.8.1

  aws-cdk@2.1142.0: {}

  bowser@2.14.1: {}

  constructs@10.8.1: {}

  tslib@2.8.1: {}

  typescript@5.9.2: {}

  undici-types@7.18.2: {}
